
Microsoft Visual Studio Solution File, Format Version 12.00
# Visual Studio 15
VisualStudioVersion = 15.0.28307.539
MinimumVisualStudioVersion = 10.0.40219.1
Project("{FAE04EC0-301F-11D3-BF4B-00C04F79EFBC}") = "JWTPlay2", "JWTPlay2\JWTPlay2.csproj", "{2786DE0B-A116-4C9A-818C-32E4CF73C318}"
EndProject
Project("{2150E333-8FDC-42A3-9474-1A3956D46DE8}") = "Solution Items", "Solution Items", "{3D72C155-5101-42EC-9629-5F488D1FF765}"
	ProjectSection(SolutionItems) = preProject
		.gitignore = .gitignore
	EndProjectSection
EndProject
Global
	GlobalSection(SolutionConfigurationPlatforms) = preSolution
		Debug|Any CPU = Debug|Any CPU
		Release|Any CPU = Release|Any CPU
	EndGlobalSection
	GlobalSection(ProjectConfigurationPlatforms) = postSolution
		{2786DE0B-A116-4C9A-818C-32E4CF73C318}.Debug|Any CPU.ActiveCfg = Debug|Any CPU
		{2786DE0B-A116-4C9A-818C-32E4CF73C318}.Debug|Any CPU.Build.0 = Debug|Any CPU
		{2786DE0B-A116-4C9A-818C-32E4CF73C318}.Release|Any CPU.ActiveCfg = Release|Any CPU
		{2786DE0B-A116-4C9A-818C-32E4CF73C318}.Release|Any CPU.Build.0 = Release|Any CPU
	EndGlobalSection
	GlobalSection(SolutionProperties) = preSolution
		HideSolutionNode = FALSE
	EndGlobalSection
	GlobalSection(ExtensibilityGlobals) = postSolution
		SolutionGuid = {EA21E517-74BC-4140-9758-A860BA3122F6}
	EndGlobalSection
EndGlobal
